// !$*UTF8*$!
{
	archiveVersion = 1;
	classes = {
	};
	objectVersion = 55;
	objects = {

/* Begin PBXBuildFile section */
		CEB2D8DE28B75DA900C142F8 /* AppDelegate.swift in Sources */ = {isa = PBXBuildFile; fileRef = CEB2D8DD28B75DA900C142F8 /* AppDelegate.swift */; };
		CEB2D8E028B75DA900C142F8 /* SceneDelegate.swift in Sources */ = {isa = PBXBuildFile; fileRef = CEB2D8DF28B75DA900C142F8 /* SceneDelegate.swift */; };
		CEB2D8E228B75DA900C142F8 /* ViewController.swift in Sources */ = {isa = PBXBuildFile; fileRef = CEB2D8E128B75DA900C142F8 /* ViewController.swift */; };
		CEB2D8E528B75DA900C142F8 /* Main.storyboard in Resources */ = {isa = PBXBuildFile; fileRef = CEB2D8E328B75DA900C142F8 /* Main.storyboard */; };
		CEB2D8E728B75DAA00C142F8 /* Assets.xcassets in Resources */ = {isa = PBXBuildFile; fileRef = CEB2D8E628B75DAA00C142F8 /* Assets.xcassets */; };
		CEB2D8EA28B75DAA00C142F8 /* LaunchScreen.storyboard in Resources */ = {isa = PBXBuildFile; fileRef = CEB2D8E828B75DAA00C142F8 /* LaunchScreen.storyboard */; };
		CEB2D8F228B75EDF00C142F8 /* APICaller.swift in Sources */ = {isa = PBXBuildFile; fileRef = CEB2D8F128B75EDF00C142F8 /* APICaller.swift */; };
		CEB2D8F428B7647400C142F8 /* APIModel.swift in Sources */ = {isa = PBXBuildFile; fileRef = CEB2D8F328B7647400C142F8 /* APIModel.swift */; };
		CEB2D8F628B7884F00C142F8 /* NewsTableViewCell.swift in Sources */ = {isa = PBXBuildFile; fileRef = CEB2D8F528B7884F00C142F8 /* NewsTableViewCell.swift */; };
		CEB2D8F828B78A3A00C142F8 /* CellModel.swift in Sources */ = {isa = PBXBuildFile; fileRef = CEB2D8F728B78A3A00C142F8 /* CellModel.swift */; };
/* End PBXBuildFile section */

/* Begin PBXFileReference section */
		CEB2D8DA28B75DA900C142F8 /* NewsApp.app */ = {isa = PBXFileReference; explicitFileType = wrapper.application; includeInIndex = 0; path = NewsApp.app; sourceTree = BUILT_PRODUCTS_DIR; };
		CEB2D8DD28B75DA900C142F8 /* AppDelegate.swift */ = {isa = PBXFileReference; lastKnownFileType = sourcecode.swift; path = AppDelegate.swift; sourceTree = "<group>"; };
		CEB2D8DF28B75DA900C142F8 /* SceneDelegate.swift */ = {isa = PBXFileReference; lastKnownFileType = sourcecode.swift; path = SceneDelegate.swift; sourceTree = "<group>"; };
		CEB2D8E128B75DA900C142F8 /* ViewController.swift */ = {isa = PBXFileReference; lastKnownFileType = sourcecode.swift; path = ViewController.swift; sourceTree = "<group>"; };
		CEB2D8E428B75DA900C142F8 /* Base */ = {isa = PBXFileReference; lastKnownFileType = file.storyboard; name = Base; path = Base.lproj/Main.storyboard; sourceTree = "<group>"; };
		CEB2D8E628B75DAA00C142F8 /* Assets.xcassets */ = {isa = PBXFileReference; lastKnownFileType = folder.assetcatalog; path = Assets.xcassets; sourceTree = "<group>"; };
		CEB2D8E928B75DAA00C142F8 /* Base */ = {isa = PBXFileReference; lastKnownFileType = file.storyboard; name = Base; path = Base.lproj/LaunchScreen.storyboard; sourceTree = "<group>"; };
		CEB2D8EB28B75DAA00C142F8 /* Info.plist */ = {isa = PBXFileReference; lastKnownFileType = text.plist.xml; path = Info.plist; sourceTree = "<group>"; };
		CEB2D8F128B75EDF00C142F8 /* APICaller.swift */ = {isa = PBXFileReference; lastKnownFileType = sourcecode.swift; path = APICaller.swift; sourceTree = "<group>"; };
		CEB2D8F328B7647400C142F8 /* APIModel.swift */ = {isa = PBXFileReference; lastKnownFileType = sourcecode.swift; path = APIModel.swift; sourceTree = "<group>"; };
		CEB2D8F528B7884F00C142F8 /* NewsTableViewCell.swift */ = {isa = PBXFileReference; lastKnownFileType = sourcecode.swift; path = NewsTableViewCell.swift; sourceTree = "<group>"; };
		CEB2D8F728B78A3A00C142F8 /* CellModel.swift */ = {isa = PBXFileReference; lastKnownFileType = sourcecode.swift; path = CellModel.swift; sourceTree = "<group>"; };
/* End PBXFileReference section */

/* Begin PBXFrameworksBuildPhase section */
		CEB2D8D728B75DA900C142F8 /* Frameworks */ = {
			isa = PBXFrameworksBuildPhase;
			buildActionMask = 2147483647;
			files = (
			);
			runOnlyForDeploymentPostprocessing = 0;
		};
/* End PBXFrameworksBuildPhase section */

/* Begin PBXGroup section */
		CEA9A28E28BB8F0E0088C40A /* Controller */ = {
			isa = PBXGroup;
			children = (
				CEB2D8E128B75DA900C142F8 /* ViewController.swift */,
			);
			path = Controller;
			sourceTree = "<group>";
		};
		CEB2D8D128B75DA800C142F8 = {
			isa = PBXGroup;
			children = (
				CEB2D8DC28B75DA900C142F8 /* NewsApp */,
				CEB2D8DB28B75DA900C142F8 /* Products */,
			);
			sourceTree = "<group>";
		};
		CEB2D8DB28B75DA900C142F8 /* Products */ = {
			isa = PBXGroup;
			children = (
				CEB2D8DA28B75DA900C142F8 /* NewsApp.app */,
			);
			name = Products;
			sourceTree = "<group>";
		};
		CEB2D8DC28B75DA900C142F8 /* NewsApp */ = {
			isa = PBXGroup;
			children = (
				CEB2D8FB28B7A56C00C142F8 /* View */,
				CEB2D8FA28B7A56100C142F8 /* Model */,
				CEA9A28E28BB8F0E0088C40A /* Controller */,
				CEB2D8F928B7A51100C142F8 /* Network */,
				CEB2D8DD28B75DA900C142F8 /* AppDelegate.swift */,
				CEB2D8DF28B75DA900C142F8 /* SceneDelegate.swift */,
				CEB2D8E328B75DA900C142F8 /* Main.storyboard */,
				CEB2D8E628B75DAA00C142F8 /* Assets.xcassets */,
				CEB2D8E828B75DAA00C142F8 /* LaunchScreen.storyboard */,
				CEB2D8EB28B75DAA00C142F8 /* Info.plist */,
			);
			path = NewsApp;
			sourceTree = "<group>";
		};
		CEB2D8F928B7A51100C142F8 /* Network */ = {
			isa = PBXGroup;
			children = (
				CEB2D8F328B7647400C142F8 /* APIModel.swift */,
				CEB2D8F128B75EDF00C142F8 /* APICaller.swift */,
			);
			path = Network;
			sourceTree = "<group>";
		};
		CEB2D8FA28B7A56100C142F8 /* Model */ = {
			isa = PBXGroup;
			children = (
				CEB2D8F728B78A3A00C142F8 /* CellModel.swift */,
			);
			path = Model;
			sourceTree = "<group>";
		};
		CEB2D8FB28B7A56C00C142F8 /* View */ = {
			isa = PBXGroup;
			children = (
				CEB2D8F528B7884F00C142F8 /* NewsTableViewCell.swift */,
			);
			path = View;
			sourceTree = "<group>";
		};
/* End PBXGroup section */

/* Begin PBXNativeTarget section */
		CEB2D8D928B75DA900C142F8 /* NewsApp */ = {
			isa = PBXNativeTarget;
			buildConfigurationList = CEB2D8EE28B75DAA00C142F8 /* Build configuration list for PBXNativeTarget "NewsApp" */;
			buildPhases = (
				CEB2D8D628B75DA900C142F8 /* Sources */,
				CEB2D8D728B75DA900C142F8 /* Frameworks */,
				CEB2D8D828B75DA900C142F8 /* Resources */,
			);
			buildRules = (
			);
			dependencies = (
			);
			name = NewsApp;
			productName = NewsApp;
			productReference = CEB2D8DA28B75DA900C142F8 /* NewsApp.app */;
			productType = "com.apple.product-type.application";
		};
/* End PBXNativeTarget section */

/* Begin PBXProject section */
		CEB2D8D228B75DA800C142F8 /* Project object */ = {
			isa = PBXProject;
			attributes = {
				BuildIndependentTargetsInParallel = 1;
				LastSwiftUpdateCheck = 1320;
				LastUpgradeCheck = 1320;
				TargetAttributes = {
					CEB2D8D928B75DA900C142F8 = {
						CreatedOnToolsVersion = 13.2.1;
					};
				};
			};
			buildConfigurationList = CEB2D8D528B75DA900C142F8 /* Build configuration list for PBXProject "NewsApp" */;
			compatibilityVersion = "Xcode 13.0";
			developmentRegion = en;
			hasScannedForEncodings = 0;
			knownRegions = (
				en,
				Base,
			);
			mainGroup = CEB2D8D128B75DA800C142F8;
			productRefGroup = CEB2D8DB28B75DA900C142F8 /* Products */;
			projectDirPath = "";
			projectRoot = "";
			targets = (
				CEB2D8D928B75DA900C142F8 /* NewsApp */,
			);
		};
/* End PBXProject section */

/* Begin PBXResourcesBuildPhase section */
		CEB2D8D828B75DA900C142F8 /* Resources */ = {
			isa = PBXResourcesBuildPhase;
			buildActionMask = 2147483647;
			files = (
				CEB2D8EA28B75DAA00C142F8 /* LaunchScreen.storyboard in Resources */,
				CEB2D8E728B75DAA00C142F8 /* Assets.xcassets in Resources */,
				CEB2D8E528B75DA900C142F8 /* Main.storyboard in Resources */,
			);
			runOnlyForDeploymentPostprocessing = 0;
		};
/* End PBXResourcesBuildPhase section */

/* Begin PBXSourcesBuildPhase section */
		CEB2D8D628B75DA900C142F8 /* Sources */ = {
			isa = PBXSourcesBuildPhase;
			buildActionMask = 2147483647;
			files = (
				CEB2D8E228B75DA900C142F8 /* ViewController.swift in Sources */,
				CEB2D8DE28B75DA900C142F8 /* AppDelegate.swift in Sources */,
				CEB2D8F628B7884F00C142F8 /* NewsTableViewCell.swift in Sources */,
				CEB2D8E028B75DA900C142F8 /* SceneDelegate.swift in Sources */,
				CEB2D8F828B78A3A00C142F8 /* CellModel.swift in Sources */,
				CEB2D8F228B75EDF00C142F8 /* APICaller.swift in Sources */,
				CEB2D8F428B7647400C142F8 /* APIModel.swift in Sources */,
			);
			runOnlyForDeploymentPostprocessing = 0;
		};
/* End PBXSourcesBuildPhase section */

/* Begin PBXVariantGroup section */
		CEB2D8E328B75DA900C142F8 /* Main.storyboard */ = {
			isa = PBXVariantGroup;
			children = (
				CEB2D8E428B75DA900C142F8 /* Base */,
			);
			name = Main.storyboard;
			sourceTree = "<group>";
		};
		CEB2D8E828B75DAA00C142F8 /* LaunchScreen.storyboard */ = {
			isa = PBXVariantGroup;
			children = (
				CEB2D8E928B75DAA00C142F8 /* Base */,
			);
			name = LaunchScreen.storyboard;
			sourceTree = "<group>";
		};
/* End PBXVariantGroup section */

/* Begin XCBuildConfiguration section */
		CEB2D8EC28B75DAA00C142F8 /* Debug */ = {
			isa = XCBuildConfiguration;
			buildSettings = {
				ALWAYS_SEARCH_USER_PATHS = NO;
				CLANG_ANALYZER_NONNULL = YES;
				CLANG_ANALYZER_NUMBER_OBJECT_CONVERSION = YES_AGGRESSIVE;
				CLANG_CXX_LANGUAGE_STANDARD = "gnu++17";
				CLANG_CXX_LIBRARY = "libc++";
				CLANG_ENABLE_MODULES = YES;
				CLANG_ENABLE_OBJC_ARC = YES;
				CLANG_ENABLE_OBJC_WEAK = YES;
				CLANG_WARN_BLOCK_CAPTURE_AUTORELEASING = YES;
				CLANG_WARN_BOOL_CONVERSION = YES;
				CLANG_WARN_COMMA = YES;
				CLANG_WARN_CONSTANT_CONVERSION = YES;
				CLANG_WARN_DEPRECATED_OBJC_IMPLEMENTATIONS = YES;
				CLANG_WARN_DIRECT_OBJC_ISA_USAGE = YES_ERROR;
				CLANG_WARN_DOCUMENTATION_COMMENTS = YES;
				CLANG_WARN_EMPTY_BODY = YES;
				CLANG_WARN_ENUM_CONVERSION = YES;
				CLANG_WARN_INFINITE_RECURSION = YES;
				CLANG_WARN_INT_CONVERSION = YES;
				CLANG_WARN_NON_LITERAL_NULL_CONVERSION = YES;
				CLANG_WARN_OBJC_IMPLICIT_RETAIN_SELF = YES;
				CLANG_WARN_OBJC_LITERAL_CONVERSION = YES;
				CLANG_WARN_OBJC_ROOT_CLASS = YES_ERROR;
				CLANG_WARN_QUOTED_INCLUDE_IN_FRAMEWORK_HEADER = YES;
				CLANG_WARN_RANGE_LOOP_ANALYSIS = YES;
				CLANG_WARN_STRICT_PROTOTYPES = YES;
				CLANG_WARN_SUSPICIOUS_MOVE = YES;
				CLANG_WARN_UNGUARDED_AVAILABILITY = YES_AGGRESSIVE;
				CLANG_WARN_UNREACHABLE_CODE = YES;
				CLANG_WARN__DUPLICATE_METHOD_MATCH = YES;
				COPY_PHASE_STRIP = NO;
				DEBUG_INFORMATION_FORMAT = dwarf;
				ENABLE_STRICT_OBJC_MSGSEND = YES;
				ENABLE_TESTABILITY = YES;
				GCC_C_LANGUAGE_STANDARD = gnu11;
				GCC_DYNAMIC_NO_PIC = NO;
				GCC_NO_COMMON_BLOCKS = YES;
				GCC_OPTIMIZATION_LEVEL = 0;
				GCC_PREPROCESSOR_DEFINITIONS = (
					"DEBUG=1",
					"$(inherited)",
				);
				GCC_WARN_64_TO_32_BIT_CONVERSION = YES;
				GCC_WARN_ABOUT_RETURN_TYPE = YES_ERROR;
				GCC_WARN_UNDECLARED_SELECTOR = YES;
				GCC_WARN_UNINITIALIZED_AUTOS = YES_AGGRESSIVE;
				GCC_WARN_UNUSED_FUNCTION = YES;
				GCC_WARN_UNUSED_VARIABLE = YES;
				IPHONEOS_DEPLOYMENT_TARGET = 15.2;
				MTL_ENABLE_DEBUG_INFO = INCLUDE_SOURCE;
				MTL_FAST_MATH = YES;
				ONLY_ACTIVE_ARCH = YES;
				SDKROOT = iphoneos;
				SWIFT_ACTIVE_COMPILATION_CONDITIONS = DEBUG;
				SWIFT_OPTIMIZATION_LEVEL = "-Onone";
			};
			name = Debug;
		};
		CEB2D8ED28B75DAA00C142F8 /* Release */ = {
			isa = XCBuildConfiguration;
			buildSettings = {
				ALWAYS_SEARCH_USER_PATHS = NO;
				CLANG_ANALYZER_NONNULL = YES;
				CLANG_ANALYZER_NUMBER_OBJECT_CONVERSION = YES_AGGRESSIVE;
				CLANG_CXX_LANGUAGE_STANDARD = "gnu++17";
				CLANG_CXX_LIBRARY = "libc++";
				CLANG_ENABLE_MODULES = YES;
				CLANG_ENABLE_OBJC_ARC = YES;
				CLANG_ENABLE_OBJC_WEAK = YES;
				CLANG_WARN_BLOCK_CAPTURE_AUTORELEASING = YES;
				CLANG_WARN_BOOL_CONVERSION = YES;
				CLANG_WARN_COMMA = YES;
				CLANG_WARN_CONSTANT_CONVERSION = YES;
				CLANG_WARN_DEPRECATED_OBJC_IMPLEMENTATIONS = YES;
				CLANG_WARN_DIRECT_OBJC_ISA_USAGE = YES_ERROR;
				CLANG_WARN_DOCUMENTATION_COMMENTS = YES;
				CLANG_WARN_EMPTY_BODY = YES;
				CLANG_WARN_ENUM_CONVERSION = YES;
				CLANG_WARN_INFINITE_RECURSION = YES;
				CLANG_WARN_INT_CONVERSION = YES;
				CLANG_WARN_NON_LITERAL_NULL_CONVERSION = YES;
				CLANG_WARN_OBJC_IMPLICIT_RETAIN_SELF = YES;
				CLANG_WARN_OBJC_LITERAL_CONVERSION = YES;
				CLANG_WARN_OBJC_ROOT_CLASS = YES_ERROR;
				CLANG_WARN_QUOTED_INCLUDE_IN_FRAMEWORK_HEADER = YES;
				CLANG_WARN_RANGE_LOOP_ANALYSIS = YES;
				CLANG_WARN_STRICT_PROTOTYPES = YES;
				CLANG_WARN_SUSPICIOUS_MOVE = YES;
				CLANG_WARN_UNGUARDED_AVAILABILITY = YES_AGGRESSIVE;
				CLANG_WARN_UNREACHABLE_CODE = YES;
				CLANG_WARN__DUPLICATE_METHOD_MATCH = YES;
				COPY_PHASE_STRIP = NO;
				DEBUG_INFORMATION_FORMAT = "dwarf-with-dsym";
				ENABLE_NS_ASSERTIONS = NO;
				ENABLE_STRICT_OBJC_MSGSEND = YES;
				GCC_C_LANGUAGE_STANDARD = gnu11;
				GCC_NO_COMMON_BLOCKS = YES;
				GCC_WARN_64_TO_32_BIT_CONVERSION = YES;
				GCC_WARN_ABOUT_RETURN_TYPE = YES_ERROR;
				GCC_WARN_UNDECLARED_SELECTOR = YES;
				GCC_WARN_UNINITIALIZED_AUTOS = YES_AGGRESSIVE;
				GCC_WARN_UNUSED_FUNCTION = YES;
				GCC_WARN_UNUSED_VARIABLE = YES;
				IPHONEOS_DEPLOYMENT_TARGET = 15.2;
				MTL_ENABLE_DEBUG_INFO = NO;
				MTL_FAST_MATH = YES;
				SDKROOT = iphoneos;
				SWIFT_COMPILATION_MODE = wholemodule;
				SWIFT_OPTIMIZATION_LEVEL = "-O";
				VALIDATE_PRODUCT = YES;
			};
			name = Release;
		};
		CEB2D8EF28B75DAA00C142F8 /* Debug */ = {
			isa = XCBuildConfiguration;
			buildSettings = {
				ASSETCATALOG_COMPILER_APPICON_NAME = AppIcon;
				ASSETCATALOG_COMPILER_GLOBAL_ACCENT_COLOR_NAME = AccentColor;
				CODE_SIGN_STYLE = Automatic;
				CURRENT_PROJECT_VERSION = 1;
				DEVELOPMENT_TEAM = 7PAYMRGF6V;
				GENERATE_INFOPLIST_FILE = YES;
				INFOPLIST_FILE = NewsApp/Info.plist;
				INFOPLIST_KEY_UIApplicationSupportsIndirectInputEvents = YES;
				INFOPLIST_KEY_UILaunchStoryboardName = LaunchScreen;
				INFOPLIST_KEY_UIMainStoryboardFile = Main;
				INFOPLIST_KEY_UISupportedInterfaceOrientations = UIInterfaceOrientationPortrait;
				INFOPLIST_KEY_UISupportedInterfaceOrientations_iPad = "UIInterfaceOrientationPortrait UIInterfaceOrientationPortraitUpsideDown UIInterfaceOrientationLandscapeLeft UIInterfaceOrientationLandscapeRight";
				INFOPLIST_KEY_UISupportedInterfaceOrientations_iPhone = "UIInterfaceOrientationPortrait UIInterfaceOrientationLandscapeLeft UIInterfaceOrientationLandscapeRight";
				LD_RUNPATH_SEARCH_PATHS = (
					"$(inherited)",
					"@executable_path/Frameworks",
				);
				MARKETING_VERSION = 1.0;
				PRODUCT_BUNDLE_IDENTIFIER = SPA.NewsApp;
				PRODUCT_NAME = "$(TARGET_NAME)";
				SWIFT_EMIT_LOC_STRINGS = YES;
				SWIFT_VERSION = 5.0;
				TARGETED_DEVICE_FAMILY = "1,2";
			};
			name = Debug;
		};
		CEB2D8F028B75DAA00C142F8 /* Release */ = {
			isa = XCBuildConfiguration;
			buildSettings = {
				ASSETCATALOG_COMPILER_APPICON_NAME = AppIcon;
				ASSETCATALOG_COMPILER_GLOBAL_ACCENT_COLOR_NAME = AccentColor;
				CODE_SIGN_STYLE = Automatic;
				CURRENT_PROJECT_VERSION = 1;
				DEVELOPMENT_TEAM = 7PAYMRGF6V;
				GENERATE_INFOPLIST_FILE = YES;
				INFOPLIST_FILE = NewsApp/Info.plist;
				INFOPLIST_KEY_UIApplicationSupportsIndirectInputEvents = YES;
				INFOPLIST_KEY_UILaunchStoryboardName = LaunchScreen;
				INFOPLIST_KEY_UIMainStoryboardFile = Main;
				INFOPLIST_KEY_UISupportedInterfaceOrientations = UIInterfaceOrientationPortrait;
				INFOPLIST_KEY_UISupportedInterfaceOrientations_iPad = "UIInterfaceOrientationPortrait UIInterfaceOrientationPortraitUpsideDown UIInterfaceOrientationLandscapeLeft UIInterfaceOrientationLandscapeRight";
				INFOPLIST_KEY_UISupportedInterfaceOrientations_iPhone = "UIInterfaceOrientationPortrait UIInterfaceOrientationLandscapeLeft UIInterfaceOrientationLandscapeRight";
				LD_RUNPATH_SEARCH_PATHS = (
					"$(inherited)",
					"@executable_path/Frameworks",
				);
				MARKETING_VERSION = 1.0;
				PRODUCT_BUNDLE_IDENTIFIER = SPA.NewsApp;
				PRODUCT_NAME = "$(TARGET_NAME)";
				SWIFT_EMIT_LOC_STRINGS = YES;
				SWIFT_VERSION = 5.0;
				TARGETED_DEVICE_FAMILY = "1,2";
			};
			name = Release;
		};
/* End XCBuildConfiguration section */

/* Begin XCConfigurationList section */
		CEB2D8D528B75DA900C142F8 /* Build configuration list for PBXProject "NewsApp" */ = {
			isa = XCConfigurationList;
			buildConfigurations = (
				CEB2D8EC28B75DAA00C142F8 /* Debug */,
				CEB2D8ED28B75DAA00C142F8 /* Release */,
			);
			defaultConfigurationIsVisible = 0;
			defaultConfigurationName = Release;
		};
		CEB2D8EE28B75DAA00C142F8 /* Build configuration list for PBXNativeTarget "NewsApp" */ = {
			isa = XCConfigurationList;
			buildConfigurations = (
				CEB2D8EF28B75DAA00C142F8 /* Debug */,
				CEB2D8F028B75DAA00C142F8 /* Release */,
			);
			defaultConfigurationIsVisible = 0;
			defaultConfigurationName = Release;
		};
/* End XCConfigurationList section */
	};
	rootObject = CEB2D8D228B75DA800C142F8 /* Project object */;
}
